
Microsoft Visual Studio Solution File, Format Version 12.00
# Visual Studio Version 16
VisualStudioVersion = 16.0.31112.23
MinimumVisualStudioVersion = 10.0.40219.1
Project("{FAE04EC0-301F-11D3-BF4B-00C04F79EFBC}") = "Uzi Wallpapers", "Uzi Wallpapers\Uzi Wallpapers.csproj", "{F9FC7B88-930E-48FF-A672-C2D248674A1D}"
EndProject
Global
	GlobalSection(SolutionConfigurationPlatforms) = preSolution
		Debug|Any CPU = Debug|Any CPU
		Release|Any CPU = Release|Any CPU
	EndGlobalSection
	GlobalSection(ProjectConfigurationPlatforms) = postSolution
		{F9FC7B88-930E-48FF-A672-C2D248674A1D}.Debug|Any CPU.ActiveCfg = Debug|Any CPU
		{F9FC7B88-930E-48FF-A672-C2D248674A1D}.Debug|Any CPU.Build.0 = Debug|Any CPU
		{F9FC7B88-930E-48FF-A672-C2D248674A1D}.Release|Any CPU.ActiveCfg = Release|Any CPU
		{F9FC7B88-930E-48FF-A672-C2D248674A1D}.Release|Any CPU.Build.0 = Release|Any CPU
	EndGlobalSection
	GlobalSection(SolutionProperties) = preSolution
		HideSolutionNode = FALSE
	EndGlobalSection
	GlobalSection(ExtensibilityGlobals) = postSolution
		SolutionGuid = {2E0F4EE1-883E-4A6C-93F1-3FEC9BC8E147}
	EndGlobalSection
EndGlobal
